
Microsoft Visual Studio Solution File, Format Version 12.00
# Visual Studio Version 16
VisualStudioVersion = 16.0.808.6
MinimumVisualStudioVersion = 10.0.40219.1
Project("{FAE04EC0-301F-11D3-BF4B-00C04F79EFBC}") = "Movies", "Movies.csproj", "{20CBDBC2-D16D-44BA-B054-31A1326BFC74}"
EndProject
Global
	GlobalSection(SolutionConfigurationPlatforms) = preSolution
		Debug|Any CPU = Debug|Any CPU
		Release|Any CPU = Release|Any CPU
	EndGlobalSection
	GlobalSection(ProjectConfigurationPlatforms) = postSolution
		{20CBDBC2-D16D-44BA-B054-31A1326BFC74}.Debug|Any CPU.ActiveCfg = Debug|Any CPU
		{20CBDBC2-D16D-44BA-B054-31A1326BFC74}.Debug|Any CPU.Build.0 = Debug|Any CPU
		{20CBDBC2-D16D-44BA-B054-31A1326BFC74}.Release|Any CPU.ActiveCfg = Release|Any CPU
		{20CBDBC2-D16D-44BA-B054-31A1326BFC74}.Release|Any CPU.Build.0 = Release|Any CPU
	EndGlobalSection
	GlobalSection(SolutionProperties) = preSolution
		HideSolutionNode = FALSE
	EndGlobalSection
	GlobalSection(ExtensibilityGlobals) = postSolution
		SolutionGuid = {E6C1B49D-78C2-4CCA-BF0B-7ED2943C0BC6}
	EndGlobalSection
EndGlobal
